
Microsoft Visual Studio Solution File, Format Version 12.00
# Visual Studio 15
VisualStudioVersion = 15.0.26403.7
MinimumVisualStudioVersion = 10.0.40219.1
Project("{9A19103F-16F7-4668-BE54-9A1E7A4F7556}") = "WebApplication", "WebApplication\WebApplication.csproj", "{0E1880CB-8207-44CC-BC25-6C8C534E1DC6}"
EndProject
Project("{9A19103F-16F7-4668-BE54-9A1E7A4F7556}") = "Image", "Image\Image.csproj", "{0C61D5FC-EBC0-4299-A2CE-01B3A006BAF0}"
EndProject
Project("{FAE04EC0-301F-11D3-BF4B-00C04F79EFBC}") = "HangfireDemo", "HangfireDemo\HangfireDemo.csproj", "{7FD8DF9E-BC8D-4487-BCF1-5775B7A94B1F}"
EndProject
Project("{FAE04EC0-301F-11D3-BF4B-00C04F79EFBC}") = "LoggingDemo", "LoggingDemo\LoggingDemo.csproj", "{B2E63F3E-46C1-489C-A7A5-C2724C32961A}"
EndProject
Project("{9A19103F-16F7-4668-BE54-9A1E7A4F7556}") = "CachingDemo", "CachingDemo\CachingDemo.csproj", "{96AF6617-E59B-4E3E-B834-D5336C19A819}"
EndProject
Project("{FAE04EC0-301F-11D3-BF4B-00C04F79EFBC}") = "REST", "REST\REST.csproj", "{7951033E-BABE-437C-A787-C14EBC2D7942}"
EndProject
Project("{FAE04EC0-301F-11D3-BF4B-00C04F79EFBC}") = "RESTClient", "RESTClient\RESTClient.csproj", "{507BF14D-B2A5-4A1A-AB35-ED7CD590DCB2}"
EndProject
Project("{FAE04EC0-301F-11D3-BF4B-00C04F79EFBC}") = "MiddlewareDemo", "MiddlewareDemo\MiddlewareDemo.csproj", "{3D8F3F12-63F7-4B9D-AA4F-7CC9990FA336}"
EndProject
Project("{FAE04EC0-301F-11D3-BF4B-00C04F79EFBC}") = "FilterDemo", "FilterDemo\FilterDemo.csproj", "{0B02D18C-AA91-4304-B6E7-95EC76E6CDA8}"
EndProject
Project("{FAE04EC0-301F-11D3-BF4B-00C04F79EFBC}") = "DI", "DI\DI.csproj", "{59BFAE03-0A81-4D57-B71B-9F68341BEF96}"
EndProject
Project("{FAE04EC0-301F-11D3-BF4B-00C04F79EFBC}") = "Html解析", "Html解析\Html解析.csproj", "{7519EE0F-BA11-4CD3-BD20-BE8CACA5A407}"
EndProject
Project("{FAE04EC0-301F-11D3-BF4B-00C04F79EFBC}") = "SendMail", "SendMail\SendMail.csproj", "{39F2B810-7CBD-45D5-879A-60FF1687C093}"
EndProject
Project("{FAE04EC0-301F-11D3-BF4B-00C04F79EFBC}") = "WebSocketDemo", "WebSocketDemo\WebSocketDemo.csproj", "{53FB4C17-CD5C-48B5-8C1C-952EE26754CF}"
EndProject
Global
	GlobalSection(SolutionConfigurationPlatforms) = preSolution
		Debug|Any CPU = Debug|Any CPU
		Release|Any CPU = Release|Any CPU
	EndGlobalSection
	GlobalSection(ProjectConfigurationPlatforms) = postSolution
		{0E1880CB-8207-44CC-BC25-6C8C534E1DC6}.Debug|Any CPU.ActiveCfg = Debug|Any CPU
		{0E1880CB-8207-44CC-BC25-6C8C534E1DC6}.Debug|Any CPU.Build.0 = Debug|Any CPU
		{0E1880CB-8207-44CC-BC25-6C8C534E1DC6}.Release|Any CPU.ActiveCfg = Release|Any CPU
		{0E1880CB-8207-44CC-BC25-6C8C534E1DC6}.Release|Any CPU.Build.0 = Release|Any CPU
		{0C61D5FC-EBC0-4299-A2CE-01B3A006BAF0}.Debug|Any CPU.ActiveCfg = Debug|Any CPU
		{0C61D5FC-EBC0-4299-A2CE-01B3A006BAF0}.Debug|Any CPU.Build.0 = Debug|Any CPU
		{0C61D5FC-EBC0-4299-A2CE-01B3A006BAF0}.Release|Any CPU.ActiveCfg = Release|Any CPU
		{0C61D5FC-EBC0-4299-A2CE-01B3A006BAF0}.Release|Any CPU.Build.0 = Release|Any CPU
		{7FD8DF9E-BC8D-4487-BCF1-5775B7A94B1F}.Debug|Any CPU.ActiveCfg = Debug|Any CPU
		{7FD8DF9E-BC8D-4487-BCF1-5775B7A94B1F}.Debug|Any CPU.Build.0 = Debug|Any CPU
		{7FD8DF9E-BC8D-4487-BCF1-5775B7A94B1F}.Release|Any CPU.ActiveCfg = Release|Any CPU
		{7FD8DF9E-BC8D-4487-BCF1-5775B7A94B1F}.Release|Any CPU.Build.0 = Release|Any CPU
		{B2E63F3E-46C1-489C-A7A5-C2724C32961A}.Debug|Any CPU.ActiveCfg = Debug|Any CPU
		{B2E63F3E-46C1-489C-A7A5-C2724C32961A}.Debug|Any CPU.Build.0 = Debug|Any CPU
		{B2E63F3E-46C1-489C-A7A5-C2724C32961A}.Release|Any CPU.ActiveCfg = Release|Any CPU
		{B2E63F3E-46C1-489C-A7A5-C2724C32961A}.Release|Any CPU.Build.0 = Release|Any CPU
		{96AF6617-E59B-4E3E-B834-D5336C19A819}.Debug|Any CPU.ActiveCfg = Debug|Any CPU
		{96AF6617-E59B-4E3E-B834-D5336C19A819}.Debug|Any CPU.Build.0 = Debug|Any CPU
		{96AF6617-E59B-4E3E-B834-D5336C19A819}.Release|Any CPU.ActiveCfg = Release|Any CPU
		{96AF6617-E59B-4E3E-B834-D5336C19A819}.Release|Any CPU.Build.0 = Release|Any CPU
		{7951033E-BABE-437C-A787-C14EBC2D7942}.Debug|Any CPU.ActiveCfg = Debug|Any CPU
		{7951033E-BABE-437C-A787-C14EBC2D7942}.Debug|Any CPU.Build.0 = Debug|Any CPU
		{7951033E-BABE-437C-A787-C14EBC2D7942}.Release|Any CPU.ActiveCfg = Release|Any CPU
		{7951033E-BABE-437C-A787-C14EBC2D7942}.Release|Any CPU.Build.0 = Release|Any CPU
		{507BF14D-B2A5-4A1A-AB35-ED7CD590DCB2}.Debug|Any CPU.ActiveCfg = Debug|Any CPU
		{507BF14D-B2A5-4A1A-AB35-ED7CD590DCB2}.Debug|Any CPU.Build.0 = Debug|Any CPU
		{507BF14D-B2A5-4A1A-AB35-ED7CD590DCB2}.Release|Any CPU.ActiveCfg = Release|Any CPU
		{507BF14D-B2A5-4A1A-AB35-ED7CD590DCB2}.Release|Any CPU.Build.0 = Release|Any CPU
		{3D8F3F12-63F7-4B9D-AA4F-7CC9990FA336}.Debug|Any CPU.ActiveCfg = Debug|Any CPU
		{3D8F3F12-63F7-4B9D-AA4F-7CC9990FA336}.Debug|Any CPU.Build.0 = Debug|Any CPU
		{3D8F3F12-63F7-4B9D-AA4F-7CC9990FA336}.Release|Any CPU.ActiveCfg = Release|Any CPU
		{3D8F3F12-63F7-4B9D-AA4F-7CC9990FA336}.Release|Any CPU.Build.0 = Release|Any CPU
		{0B02D18C-AA91-4304-B6E7-95EC76E6CDA8}.Debug|Any CPU.ActiveCfg = Debug|Any CPU
		{0B02D18C-AA91-4304-B6E7-95EC76E6CDA8}.Debug|Any CPU.Build.0 = Debug|Any CPU
		{0B02D18C-AA91-4304-B6E7-95EC76E6CDA8}.Release|Any CPU.ActiveCfg = Release|Any CPU
		{0B02D18C-AA91-4304-B6E7-95EC76E6CDA8}.Release|Any CPU.Build.0 = Release|Any CPU
		{59BFAE03-0A81-4D57-B71B-9F68341BEF96}.Debug|Any CPU.ActiveCfg = Debug|Any CPU
		{59BFAE03-0A81-4D57-B71B-9F68341BEF96}.Debug|Any CPU.Build.0 = Debug|Any CPU
		{59BFAE03-0A81-4D57-B71B-9F68341BEF96}.Release|Any CPU.ActiveCfg = Release|Any CPU
		{59BFAE03-0A81-4D57-B71B-9F68341BEF96}.Release|Any CPU.Build.0 = Release|Any CPU
		{7519EE0F-BA11-4CD3-BD20-BE8CACA5A407}.Debug|Any CPU.ActiveCfg = Debug|Any CPU
		{7519EE0F-BA11-4CD3-BD20-BE8CACA5A407}.Debug|Any CPU.Build.0 = Debug|Any CPU
		{7519EE0F-BA11-4CD3-BD20-BE8CACA5A407}.Release|Any CPU.ActiveCfg = Release|Any CPU
		{7519EE0F-BA11-4CD3-BD20-BE8CACA5A407}.Release|Any CPU.Build.0 = Release|Any CPU
		{39F2B810-7CBD-45D5-879A-60FF1687C093}.Debug|Any CPU.ActiveCfg = Debug|Any CPU
		{39F2B810-7CBD-45D5-879A-60FF1687C093}.Debug|Any CPU.Build.0 = Debug|Any CPU
		{39F2B810-7CBD-45D5-879A-60FF1687C093}.Release|Any CPU.ActiveCfg = Release|Any CPU
		{39F2B810-7CBD-45D5-879A-60FF1687C093}.Release|Any CPU.Build.0 = Release|Any CPU
		{53FB4C17-CD5C-48B5-8C1C-952EE26754CF}.Debug|Any CPU.ActiveCfg = Debug|Any CPU
		{53FB4C17-CD5C-48B5-8C1C-952EE26754CF}.Debug|Any CPU.Build.0 = Debug|Any CPU
		{53FB4C17-CD5C-48B5-8C1C-952EE26754CF}.Release|Any CPU.ActiveCfg = Release|Any CPU
		{53FB4C17-CD5C-48B5-8C1C-952EE26754CF}.Release|Any CPU.Build.0 = Release|Any CPU
	EndGlobalSection
	GlobalSection(SolutionProperties) = preSolution
		HideSolutionNode = FALSE
	EndGlobalSection
EndGlobal
